
Microsoft Visual Studio Solution File, Format Version 12.00
# Visual Studio Version 16
VisualStudioVersion = 16.0.32002.261
MinimumVisualStudioVersion = 10.0.40219.1
Project("{FAE04EC0-301F-11D3-BF4B-00C04F79EFBC}") = "Task1", "Task1\Task1.csproj", "{7FBECFC3-BCBE-4B9D-9D7E-DE8AD7A39074}"
EndProject
Project("{FAE04EC0-301F-11D3-BF4B-00C04F79EFBC}") = "Task2", "Task2\Task2.csproj", "{BAA26AC6-42C6-4D75-BE3F-C4FEC6A8BA3B}"
EndProject
Global
	GlobalSection(SolutionConfigurationPlatforms) = preSolution
		Debug|Any CPU = Debug|Any CPU
		Release|Any CPU = Release|Any CPU
	EndGlobalSection
	GlobalSection(ProjectConfigurationPlatforms) = postSolution
		{7FBECFC3-BCBE-4B9D-9D7E-DE8AD7A39074}.Debug|Any CPU.ActiveCfg = Debug|Any CPU
		{7FBECFC3-BCBE-4B9D-9D7E-DE8AD7A39074}.Debug|Any CPU.Build.0 = Debug|Any CPU
		{7FBECFC3-BCBE-4B9D-9D7E-DE8AD7A39074}.Release|Any CPU.ActiveCfg = Release|Any CPU
		{7FBECFC3-BCBE-4B9D-9D7E-DE8AD7A39074}.Release|Any CPU.Build.0 = Release|Any CPU
		{BAA26AC6-42C6-4D75-BE3F-C4FEC6A8BA3B}.Debug|Any CPU.ActiveCfg = Debug|Any CPU
		{BAA26AC6-42C6-4D75-BE3F-C4FEC6A8BA3B}.Debug|Any CPU.Build.0 = Debug|Any CPU
		{BAA26AC6-42C6-4D75-BE3F-C4FEC6A8BA3B}.Release|Any CPU.ActiveCfg = Release|Any CPU
		{BAA26AC6-42C6-4D75-BE3F-C4FEC6A8BA3B}.Release|Any CPU.Build.0 = Release|Any CPU
	EndGlobalSection
	GlobalSection(SolutionProperties) = preSolution
		HideSolutionNode = FALSE
	EndGlobalSection
	GlobalSection(ExtensibilityGlobals) = postSolution
		SolutionGuid = {3BE9DDCE-E1E3-4180-B98C-1787719A4008}
	EndGlobalSection
EndGlobal
