
Microsoft Visual Studio Solution File, Format Version 12.00
# Visual Studio Version 16
VisualStudioVersion = 16.0.32002.261
MinimumVisualStudioVersion = 10.0.40219.1
Project("{FAE04EC0-301F-11D3-BF4B-00C04F79EFBC}") = "Lesson5", "Lesson5.csproj", "{4A05AF73-B930-4CDD-9EE5-6A05F36BDAE4}"
EndProject
Global
	GlobalSection(SolutionConfigurationPlatforms) = preSolution
		Debug|Any CPU = Debug|Any CPU
		Release|Any CPU = Release|Any CPU
	EndGlobalSection
	GlobalSection(ProjectConfigurationPlatforms) = postSolution
		{4A05AF73-B930-4CDD-9EE5-6A05F36BDAE4}.Debug|Any CPU.ActiveCfg = Debug|Any CPU
		{4A05AF73-B930-4CDD-9EE5-6A05F36BDAE4}.Debug|Any CPU.Build.0 = Debug|Any CPU
		{4A05AF73-B930-4CDD-9EE5-6A05F36BDAE4}.Release|Any CPU.ActiveCfg = Release|Any CPU
		{4A05AF73-B930-4CDD-9EE5-6A05F36BDAE4}.Release|Any CPU.Build.0 = Release|Any CPU
	EndGlobalSection
	GlobalSection(SolutionProperties) = preSolution
		HideSolutionNode = FALSE
	EndGlobalSection
	GlobalSection(ExtensibilityGlobals) = postSolution
		SolutionGuid = {14DD50B1-BE3C-4B41-B97E-CB0EEF75C6A3}
	EndGlobalSection
EndGlobal
